
Microsoft Visual Studio Solution File, Format Version 12.00
# Visual Studio 2012
Project("{FAE04EC0-301F-11D3-BF4B-00C04F79EFBC}") = "SchoolApp.Models", "SchoolApp.Models\SchoolApp.Models.csproj", "{946401B8-E704-4224-B763-9E417060AEA8}"
EndProject
Project("{FAE04EC0-301F-11D3-BF4B-00C04F79EFBC}") = "SchoolApp.DataLayer", "SchoolApp.DataLayer\SchoolApp.DataLayer.csproj", "{69129D63-B00F-4DD8-A8F0-21C246A3F967}"
EndProject
Project("{FAE04EC0-301F-11D3-BF4B-00C04F79EFBC}") = "SchoolApp.Repositories", "SchoolApp.Repositories\SchoolApp.Repositories.csproj", "{484990C4-C6EC-4DDF-8EA2-0D0EDCDA0BF8}"
EndProject
Project("{FAE04EC0-301F-11D3-BF4B-00C04F79EFBC}") = "SchoolApp.Client", "SchoolApp.Client\SchoolApp.Client.csproj", "{CD97695F-B1C0-4BB6-A884-B01C5BF758C6}"
EndProject
Project("{FAE04EC0-301F-11D3-BF4B-00C04F79EFBC}") = "SchoolApp.Services", "SchoolApp.Services\SchoolApp.Services.csproj", "{905B7B0A-B35C-44B5-93BB-76FA4CE95117}"
EndProject
Project("{FAE04EC0-301F-11D3-BF4B-00C04F79EFBC}") = "SchoolApp.Services.Tests", "SchoolApp.Services.Tests\SchoolApp.Services.Tests.csproj", "{ED5B58A9-6845-457F-A4D5-37A8F5A7431A}"
EndProject
Project("{FAE04EC0-301F-11D3-BF4B-00C04F79EFBC}") = "SchoolApp.DataLayer.Tests", "SchoolApp.DataLayer.Tests\SchoolApp.DataLayer.Tests.csproj", "{C6EE7A90-AD7C-4C9F-ACC0-3F2DC5A1A9F7}"
EndProject
Project("{FAE04EC0-301F-11D3-BF4B-00C04F79EFBC}") = "SchoolApp.Services.IntegrationTests", "SchoolApp.Services.IntegrationTests\SchoolApp.Services.IntegrationTests.csproj", "{F46CC61A-175D-4B5D-BDBC-6F2BEB235FCC}"
EndProject
Global
	GlobalSection(SolutionConfigurationPlatforms) = preSolution
		Debug|Any CPU = Debug|Any CPU
		Release|Any CPU = Release|Any CPU
	EndGlobalSection
	GlobalSection(ProjectConfigurationPlatforms) = postSolution
		{946401B8-E704-4224-B763-9E417060AEA8}.Debug|Any CPU.ActiveCfg = Debug|Any CPU
		{946401B8-E704-4224-B763-9E417060AEA8}.Debug|Any CPU.Build.0 = Debug|Any CPU
		{946401B8-E704-4224-B763-9E417060AEA8}.Release|Any CPU.ActiveCfg = Release|Any CPU
		{946401B8-E704-4224-B763-9E417060AEA8}.Release|Any CPU.Build.0 = Release|Any CPU
		{69129D63-B00F-4DD8-A8F0-21C246A3F967}.Debug|Any CPU.ActiveCfg = Debug|Any CPU
		{69129D63-B00F-4DD8-A8F0-21C246A3F967}.Debug|Any CPU.Build.0 = Debug|Any CPU
		{69129D63-B00F-4DD8-A8F0-21C246A3F967}.Release|Any CPU.ActiveCfg = Release|Any CPU
		{69129D63-B00F-4DD8-A8F0-21C246A3F967}.Release|Any CPU.Build.0 = Release|Any CPU
		{484990C4-C6EC-4DDF-8EA2-0D0EDCDA0BF8}.Debug|Any CPU.ActiveCfg = Debug|Any CPU
		{484990C4-C6EC-4DDF-8EA2-0D0EDCDA0BF8}.Debug|Any CPU.Build.0 = Debug|Any CPU
		{484990C4-C6EC-4DDF-8EA2-0D0EDCDA0BF8}.Release|Any CPU.ActiveCfg = Release|Any CPU
		{484990C4-C6EC-4DDF-8EA2-0D0EDCDA0BF8}.Release|Any CPU.Build.0 = Release|Any CPU
		{CD97695F-B1C0-4BB6-A884-B01C5BF758C6}.Debug|Any CPU.ActiveCfg = Debug|Any CPU
		{CD97695F-B1C0-4BB6-A884-B01C5BF758C6}.Debug|Any CPU.Build.0 = Debug|Any CPU
		{CD97695F-B1C0-4BB6-A884-B01C5BF758C6}.Release|Any CPU.ActiveCfg = Release|Any CPU
		{CD97695F-B1C0-4BB6-A884-B01C5BF758C6}.Release|Any CPU.Build.0 = Release|Any CPU
		{905B7B0A-B35C-44B5-93BB-76FA4CE95117}.Debug|Any CPU.ActiveCfg = Debug|Any CPU
		{905B7B0A-B35C-44B5-93BB-76FA4CE95117}.Debug|Any CPU.Build.0 = Debug|Any CPU
		{905B7B0A-B35C-44B5-93BB-76FA4CE95117}.Release|Any CPU.ActiveCfg = Release|Any CPU
		{905B7B0A-B35C-44B5-93BB-76FA4CE95117}.Release|Any CPU.Build.0 = Release|Any CPU
		{ED5B58A9-6845-457F-A4D5-37A8F5A7431A}.Debug|Any CPU.ActiveCfg = Debug|Any CPU
		{ED5B58A9-6845-457F-A4D5-37A8F5A7431A}.Debug|Any CPU.Build.0 = Debug|Any CPU
		{ED5B58A9-6845-457F-A4D5-37A8F5A7431A}.Release|Any CPU.ActiveCfg = Release|Any CPU
		{ED5B58A9-6845-457F-A4D5-37A8F5A7431A}.Release|Any CPU.Build.0 = Release|Any CPU
		{C6EE7A90-AD7C-4C9F-ACC0-3F2DC5A1A9F7}.Debug|Any CPU.ActiveCfg = Debug|Any CPU
		{C6EE7A90-AD7C-4C9F-ACC0-3F2DC5A1A9F7}.Debug|Any CPU.Build.0 = Debug|Any CPU
		{C6EE7A90-AD7C-4C9F-ACC0-3F2DC5A1A9F7}.Release|Any CPU.ActiveCfg = Release|Any CPU
		{C6EE7A90-AD7C-4C9F-ACC0-3F2DC5A1A9F7}.Release|Any CPU.Build.0 = Release|Any CPU
		{F46CC61A-175D-4B5D-BDBC-6F2BEB235FCC}.Debug|Any CPU.ActiveCfg = Debug|Any CPU
		{F46CC61A-175D-4B5D-BDBC-6F2BEB235FCC}.Debug|Any CPU.Build.0 = Debug|Any CPU
		{F46CC61A-175D-4B5D-BDBC-6F2BEB235FCC}.Release|Any CPU.ActiveCfg = Release|Any CPU
		{F46CC61A-175D-4B5D-BDBC-6F2BEB235FCC}.Release|Any CPU.Build.0 = Release|Any CPU
	EndGlobalSection
	GlobalSection(SolutionProperties) = preSolution
		HideSolutionNode = FALSE
	EndGlobalSection
EndGlobal
